
Microsoft Visual Studio Solution File, Format Version 12.00
# Visual Studio Version 16
VisualStudioVersion = 16.0.30114.105
MinimumVisualStudioVersion = 15.0.26124.0
Project("{9A19103F-16F7-4668-BE54-9A1E7A4F7556}") = "ortoBot", "ortoBot\ortoBot.csproj", "{BBAEBC0C-B57D-4629-B92C-BB601047CB6B}"
EndProject
Project("{9A19103F-16F7-4668-BE54-9A1E7A4F7556}") = "ortoBot.Tests", "ortoBot.Tests\ortoBot.Tests.csproj", "{5C85C183-F3D8-4910-94EE-06BC821DD63A}"
EndProject
Global
	GlobalSection(SolutionConfigurationPlatforms) = preSolution
		Debug|Any CPU = Debug|Any CPU
		Debug|x64 = Debug|x64
		Debug|x86 = Debug|x86
		Release|Any CPU = Release|Any CPU
		Release|x64 = Release|x64
		Release|x86 = Release|x86
	EndGlobalSection
	GlobalSection(ProjectConfigurationPlatforms) = postSolution
		{BBAEBC0C-B57D-4629-B92C-BB601047CB6B}.Debug|Any CPU.ActiveCfg = Debug|x64
		{BBAEBC0C-B57D-4629-B92C-BB601047CB6B}.Debug|Any CPU.Build.0 = Debug|x64
		{BBAEBC0C-B57D-4629-B92C-BB601047CB6B}.Debug|x64.ActiveCfg = Debug|Any CPU
		{BBAEBC0C-B57D-4629-B92C-BB601047CB6B}.Debug|x64.Build.0 = Debug|Any CPU
		{BBAEBC0C-B57D-4629-B92C-BB601047CB6B}.Debug|x86.ActiveCfg = Debug|Any CPU
		{BBAEBC0C-B57D-4629-B92C-BB601047CB6B}.Debug|x86.Build.0 = Debug|Any CPU
		{BBAEBC0C-B57D-4629-B92C-BB601047CB6B}.Release|Any CPU.ActiveCfg = Release|Any CPU
		{BBAEBC0C-B57D-4629-B92C-BB601047CB6B}.Release|Any CPU.Build.0 = Release|Any CPU
		{BBAEBC0C-B57D-4629-B92C-BB601047CB6B}.Release|x64.ActiveCfg = Release|Any CPU
		{BBAEBC0C-B57D-4629-B92C-BB601047CB6B}.Release|x64.Build.0 = Release|Any CPU
		{BBAEBC0C-B57D-4629-B92C-BB601047CB6B}.Release|x86.ActiveCfg = Release|Any CPU
		{BBAEBC0C-B57D-4629-B92C-BB601047CB6B}.Release|x86.Build.0 = Release|Any CPU
		{5C85C183-F3D8-4910-94EE-06BC821DD63A}.Debug|Any CPU.ActiveCfg = Debug|x64
		{5C85C183-F3D8-4910-94EE-06BC821DD63A}.Debug|Any CPU.Build.0 = Debug|x64
		{5C85C183-F3D8-4910-94EE-06BC821DD63A}.Debug|x64.ActiveCfg = Debug|Any CPU
		{5C85C183-F3D8-4910-94EE-06BC821DD63A}.Debug|x64.Build.0 = Debug|Any CPU
		{5C85C183-F3D8-4910-94EE-06BC821DD63A}.Debug|x86.ActiveCfg = Debug|Any CPU
		{5C85C183-F3D8-4910-94EE-06BC821DD63A}.Debug|x86.Build.0 = Debug|Any CPU
		{5C85C183-F3D8-4910-94EE-06BC821DD63A}.Release|Any CPU.ActiveCfg = Release|Any CPU
		{5C85C183-F3D8-4910-94EE-06BC821DD63A}.Release|Any CPU.Build.0 = Release|Any CPU
		{5C85C183-F3D8-4910-94EE-06BC821DD63A}.Release|x64.ActiveCfg = Release|Any CPU
		{5C85C183-F3D8-4910-94EE-06BC821DD63A}.Release|x64.Build.0 = Release|Any CPU
		{5C85C183-F3D8-4910-94EE-06BC821DD63A}.Release|x86.ActiveCfg = Release|Any CPU
		{5C85C183-F3D8-4910-94EE-06BC821DD63A}.Release|x86.Build.0 = Release|Any CPU
	EndGlobalSection
	GlobalSection(SolutionProperties) = preSolution
		HideSolutionNode = FALSE
	EndGlobalSection
	GlobalSection(ExtensibilityGlobals) = postSolution
		SolutionGuid = {E4D4B92B-935B-439B-99FF-AAEB222DEF69}
	EndGlobalSection
EndGlobal
